
Microsoft Visual Studio Solution File, Format Version 11.00
# Visual Studio 2010
Project("{FAE04EC0-301F-11D3-BF4B-00C04F79EFBC}") = "XenAspects", "XenAspects\XenAspects.csproj", "{3C2DC32B-D852-429D-B12E-E73CA5A8888E}"
EndProject
Project("{FAE04EC0-301F-11D3-BF4B-00C04F79EFBC}") = "Xen2D", "Xen2D\Xen2D.csproj", "{9E331CBE-585E-4BF9-9D99-4F41AF24A8E5}"
EndProject
Project("{FAE04EC0-301F-11D3-BF4B-00C04F79EFBC}") = "DuckyEngine", "DuckyEngine\DuckyEngine.csproj", "{B93DAE1F-20DF-463C-99BE-8A4FF5B27B0B}"
EndProject
Project("{FAE04EC0-301F-11D3-BF4B-00C04F79EFBC}") = "ExEnFontShim", "ExEnFontShim\ExEnFontShim.csproj", "{BEC8D75B-1BC7-4899-B8C5-58E4B6A64AB1}"
EndProject
Project("{FAE04EC0-301F-11D3-BF4B-00C04F79EFBC}") = "Bellhop Windows", "Bellhop\Bellhop Windows.csproj", "{4FD1BB74-FA33-4D04-A876-74F4DD850A89}"
EndProject
Project("{FAE04EC0-301F-11D3-BF4B-00C04F79EFBC}") = "BellhopContent", "Bellhop\Content\BellhopContent.contentproj", "{80B700CA-E4A7-49A1-A8EE-55FBDE61A8C3}"
EndProject
Global
	GlobalSection(TestCaseManagementSettings) = postSolution
		CategoryFile = Jubble.vsmdi
	EndGlobalSection
	GlobalSection(SolutionConfigurationPlatforms) = preSolution
		Base Libraries|Any CPU = Base Libraries|Any CPU
		Base Libraries|Mixed Platforms = Base Libraries|Mixed Platforms
		Base Libraries|Windows Phone = Base Libraries|Windows Phone
		Base Libraries|x86 = Base Libraries|x86
		Debug|Any CPU = Debug|Any CPU
		Debug|Mixed Platforms = Debug|Mixed Platforms
		Debug|Windows Phone = Debug|Windows Phone
		Debug|x86 = Debug|x86
		Demo_Windows|Any CPU = Demo_Windows|Any CPU
		Demo_Windows|Mixed Platforms = Demo_Windows|Mixed Platforms
		Demo_Windows|Windows Phone = Demo_Windows|Windows Phone
		Demo_Windows|x86 = Demo_Windows|x86
		iPhoneDebug|Any CPU = iPhoneDebug|Any CPU
		iPhoneDebug|Mixed Platforms = iPhoneDebug|Mixed Platforms
		iPhoneDebug|Windows Phone = iPhoneDebug|Windows Phone
		iPhoneDebug|x86 = iPhoneDebug|x86
		iPhoneRelease|Any CPU = iPhoneRelease|Any CPU
		iPhoneRelease|Mixed Platforms = iPhoneRelease|Mixed Platforms
		iPhoneRelease|Windows Phone = iPhoneRelease|Windows Phone
		iPhoneRelease|x86 = iPhoneRelease|x86
		Release|Any CPU = Release|Any CPU
		Release|Mixed Platforms = Release|Mixed Platforms
		Release|Windows Phone = Release|Windows Phone
		Release|x86 = Release|x86
	EndGlobalSection
	GlobalSection(ProjectConfigurationPlatforms) = postSolution
		{3C2DC32B-D852-429D-B12E-E73CA5A8888E}.Base Libraries|Any CPU.ActiveCfg = Release|x86
		{3C2DC32B-D852-429D-B12E-E73CA5A8888E}.Base Libraries|Mixed Platforms.ActiveCfg = Release|x86
		{3C2DC32B-D852-429D-B12E-E73CA5A8888E}.Base Libraries|Mixed Platforms.Build.0 = Release|x86
		{3C2DC32B-D852-429D-B12E-E73CA5A8888E}.Base Libraries|Windows Phone.ActiveCfg = Release|x86
		{3C2DC32B-D852-429D-B12E-E73CA5A8888E}.Base Libraries|x86.ActiveCfg = Release|x86
		{3C2DC32B-D852-429D-B12E-E73CA5A8888E}.Base Libraries|x86.Build.0 = Release|x86
		{3C2DC32B-D852-429D-B12E-E73CA5A8888E}.Debug|Any CPU.ActiveCfg = Debug|x86
		{3C2DC32B-D852-429D-B12E-E73CA5A8888E}.Debug|Mixed Platforms.ActiveCfg = Debug|x86
		{3C2DC32B-D852-429D-B12E-E73CA5A8888E}.Debug|Mixed Platforms.Build.0 = Debug|x86
		{3C2DC32B-D852-429D-B12E-E73CA5A8888E}.Debug|Windows Phone.ActiveCfg = Debug|x86
		{3C2DC32B-D852-429D-B12E-E73CA5A8888E}.Debug|x86.ActiveCfg = Debug|x86
		{3C2DC32B-D852-429D-B12E-E73CA5A8888E}.Debug|x86.Build.0 = Debug|x86
		{3C2DC32B-D852-429D-B12E-E73CA5A8888E}.Demo_Windows|Any CPU.ActiveCfg = Debug|x86
		{3C2DC32B-D852-429D-B12E-E73CA5A8888E}.Demo_Windows|Mixed Platforms.ActiveCfg = Debug|x86
		{3C2DC32B-D852-429D-B12E-E73CA5A8888E}.Demo_Windows|Mixed Platforms.Build.0 = Debug|x86
		{3C2DC32B-D852-429D-B12E-E73CA5A8888E}.Demo_Windows|Windows Phone.ActiveCfg = Debug|x86
		{3C2DC32B-D852-429D-B12E-E73CA5A8888E}.Demo_Windows|x86.ActiveCfg = Debug|x86
		{3C2DC32B-D852-429D-B12E-E73CA5A8888E}.Demo_Windows|x86.Build.0 = Debug|x86
		{3C2DC32B-D852-429D-B12E-E73CA5A8888E}.iPhoneDebug|Any CPU.ActiveCfg = iPhoneDebug|x86
		{3C2DC32B-D852-429D-B12E-E73CA5A8888E}.iPhoneDebug|Mixed Platforms.ActiveCfg = iPhoneDebug|x86
		{3C2DC32B-D852-429D-B12E-E73CA5A8888E}.iPhoneDebug|Mixed Platforms.Build.0 = iPhoneDebug|x86
		{3C2DC32B-D852-429D-B12E-E73CA5A8888E}.iPhoneDebug|Windows Phone.ActiveCfg = iPhoneDebug|x86
		{3C2DC32B-D852-429D-B12E-E73CA5A8888E}.iPhoneDebug|x86.ActiveCfg = iPhoneDebug|x86
		{3C2DC32B-D852-429D-B12E-E73CA5A8888E}.iPhoneDebug|x86.Build.0 = iPhoneDebug|x86
		{3C2DC32B-D852-429D-B12E-E73CA5A8888E}.iPhoneRelease|Any CPU.ActiveCfg = iPhoneRelease|x86
		{3C2DC32B-D852-429D-B12E-E73CA5A8888E}.iPhoneRelease|Mixed Platforms.ActiveCfg = iPhoneRelease|x86
		{3C2DC32B-D852-429D-B12E-E73CA5A8888E}.iPhoneRelease|Mixed Platforms.Build.0 = iPhoneRelease|x86
		{3C2DC32B-D852-429D-B12E-E73CA5A8888E}.iPhoneRelease|Windows Phone.ActiveCfg = iPhoneRelease|x86
		{3C2DC32B-D852-429D-B12E-E73CA5A8888E}.iPhoneRelease|x86.ActiveCfg = iPhoneRelease|x86
		{3C2DC32B-D852-429D-B12E-E73CA5A8888E}.iPhoneRelease|x86.Build.0 = iPhoneRelease|x86
		{3C2DC32B-D852-429D-B12E-E73CA5A8888E}.Release|Any CPU.ActiveCfg = Release|x86
		{3C2DC32B-D852-429D-B12E-E73CA5A8888E}.Release|Mixed Platforms.ActiveCfg = Release|x86
		{3C2DC32B-D852-429D-B12E-E73CA5A8888E}.Release|Mixed Platforms.Build.0 = Release|x86
		{3C2DC32B-D852-429D-B12E-E73CA5A8888E}.Release|Windows Phone.ActiveCfg = Release|x86
		{3C2DC32B-D852-429D-B12E-E73CA5A8888E}.Release|x86.ActiveCfg = Release|x86
		{3C2DC32B-D852-429D-B12E-E73CA5A8888E}.Release|x86.Build.0 = Release|x86
		{9E331CBE-585E-4BF9-9D99-4F41AF24A8E5}.Base Libraries|Any CPU.ActiveCfg = Release|x86
		{9E331CBE-585E-4BF9-9D99-4F41AF24A8E5}.Base Libraries|Mixed Platforms.ActiveCfg = Release|x86
		{9E331CBE-585E-4BF9-9D99-4F41AF24A8E5}.Base Libraries|Mixed Platforms.Build.0 = Release|x86
		{9E331CBE-585E-4BF9-9D99-4F41AF24A8E5}.Base Libraries|Windows Phone.ActiveCfg = Release|x86
		{9E331CBE-585E-4BF9-9D99-4F41AF24A8E5}.Base Libraries|x86.ActiveCfg = Release|x86
		{9E331CBE-585E-4BF9-9D99-4F41AF24A8E5}.Base Libraries|x86.Build.0 = Release|x86
		{9E331CBE-585E-4BF9-9D99-4F41AF24A8E5}.Debug|Any CPU.ActiveCfg = Debug|x86
		{9E331CBE-585E-4BF9-9D99-4F41AF24A8E5}.Debug|Mixed Platforms.ActiveCfg = Debug|x86
		{9E331CBE-585E-4BF9-9D99-4F41AF24A8E5}.Debug|Mixed Platforms.Build.0 = Debug|x86
		{9E331CBE-585E-4BF9-9D99-4F41AF24A8E5}.Debug|Windows Phone.ActiveCfg = Debug|x86
		{9E331CBE-585E-4BF9-9D99-4F41AF24A8E5}.Debug|x86.ActiveCfg = Debug|x86
		{9E331CBE-585E-4BF9-9D99-4F41AF24A8E5}.Debug|x86.Build.0 = Debug|x86
		{9E331CBE-585E-4BF9-9D99-4F41AF24A8E5}.Demo_Windows|Any CPU.ActiveCfg = Debug|x86
		{9E331CBE-585E-4BF9-9D99-4F41AF24A8E5}.Demo_Windows|Mixed Platforms.ActiveCfg = Debug|x86
		{9E331CBE-585E-4BF9-9D99-4F41AF24A8E5}.Demo_Windows|Mixed Platforms.Build.0 = Debug|x86
		{9E331CBE-585E-4BF9-9D99-4F41AF24A8E5}.Demo_Windows|Windows Phone.ActiveCfg = Debug|x86
		{9E331CBE-585E-4BF9-9D99-4F41AF24A8E5}.Demo_Windows|x86.ActiveCfg = Debug|x86
		{9E331CBE-585E-4BF9-9D99-4F41AF24A8E5}.Demo_Windows|x86.Build.0 = Debug|x86
		{9E331CBE-585E-4BF9-9D99-4F41AF24A8E5}.iPhoneDebug|Any CPU.ActiveCfg = iPhoneDebug|x86
		{9E331CBE-585E-4BF9-9D99-4F41AF24A8E5}.iPhoneDebug|Mixed Platforms.ActiveCfg = iPhoneDebug|x86
		{9E331CBE-585E-4BF9-9D99-4F41AF24A8E5}.iPhoneDebug|Mixed Platforms.Build.0 = iPhoneDebug|x86
		{9E331CBE-585E-4BF9-9D99-4F41AF24A8E5}.iPhoneDebug|Windows Phone.ActiveCfg = iPhoneDebug|x86
		{9E331CBE-585E-4BF9-9D99-4F41AF24A8E5}.iPhoneDebug|x86.ActiveCfg = iPhoneDebug|x86
		{9E331CBE-585E-4BF9-9D99-4F41AF24A8E5}.iPhoneDebug|x86.Build.0 = iPhoneDebug|x86
		{9E331CBE-585E-4BF9-9D99-4F41AF24A8E5}.iPhoneRelease|Any CPU.ActiveCfg = iPhoneRelease|x86
		{9E331CBE-585E-4BF9-9D99-4F41AF24A8E5}.iPhoneRelease|Mixed Platforms.ActiveCfg = iPhoneRelease|x86
		{9E331CBE-585E-4BF9-9D99-4F41AF24A8E5}.iPhoneRelease|Mixed Platforms.Build.0 = iPhoneRelease|x86
		{9E331CBE-585E-4BF9-9D99-4F41AF24A8E5}.iPhoneRelease|Windows Phone.ActiveCfg = iPhoneRelease|x86
		{9E331CBE-585E-4BF9-9D99-4F41AF24A8E5}.iPhoneRelease|x86.ActiveCfg = iPhoneRelease|x86
		{9E331CBE-585E-4BF9-9D99-4F41AF24A8E5}.iPhoneRelease|x86.Build.0 = iPhoneRelease|x86
		{9E331CBE-585E-4BF9-9D99-4F41AF24A8E5}.Release|Any CPU.ActiveCfg = Release|x86
		{9E331CBE-585E-4BF9-9D99-4F41AF24A8E5}.Release|Mixed Platforms.ActiveCfg = Release|x86
		{9E331CBE-585E-4BF9-9D99-4F41AF24A8E5}.Release|Mixed Platforms.Build.0 = Release|x86
		{9E331CBE-585E-4BF9-9D99-4F41AF24A8E5}.Release|Windows Phone.ActiveCfg = Release|x86
		{9E331CBE-585E-4BF9-9D99-4F41AF24A8E5}.Release|x86.ActiveCfg = Release|x86
		{9E331CBE-585E-4BF9-9D99-4F41AF24A8E5}.Release|x86.Build.0 = Release|x86
		{B93DAE1F-20DF-463C-99BE-8A4FF5B27B0B}.Base Libraries|Any CPU.ActiveCfg = Release|x86
		{B93DAE1F-20DF-463C-99BE-8A4FF5B27B0B}.Base Libraries|Mixed Platforms.ActiveCfg = Release|x86
		{B93DAE1F-20DF-463C-99BE-8A4FF5B27B0B}.Base Libraries|Mixed Platforms.Build.0 = Release|x86
		{B93DAE1F-20DF-463C-99BE-8A4FF5B27B0B}.Base Libraries|Windows Phone.ActiveCfg = Release|x86
		{B93DAE1F-20DF-463C-99BE-8A4FF5B27B0B}.Base Libraries|x86.ActiveCfg = Release|x86
		{B93DAE1F-20DF-463C-99BE-8A4FF5B27B0B}.Base Libraries|x86.Build.0 = Release|x86
		{B93DAE1F-20DF-463C-99BE-8A4FF5B27B0B}.Debug|Any CPU.ActiveCfg = Debug|x86
		{B93DAE1F-20DF-463C-99BE-8A4FF5B27B0B}.Debug|Mixed Platforms.ActiveCfg = Debug|x86
		{B93DAE1F-20DF-463C-99BE-8A4FF5B27B0B}.Debug|Mixed Platforms.Build.0 = Debug|x86
		{B93DAE1F-20DF-463C-99BE-8A4FF5B27B0B}.Debug|Windows Phone.ActiveCfg = Debug|x86
		{B93DAE1F-20DF-463C-99BE-8A4FF5B27B0B}.Debug|x86.ActiveCfg = Debug|x86
		{B93DAE1F-20DF-463C-99BE-8A4FF5B27B0B}.Debug|x86.Build.0 = Debug|x86
		{B93DAE1F-20DF-463C-99BE-8A4FF5B27B0B}.Demo_Windows|Any CPU.ActiveCfg = Debug|x86
		{B93DAE1F-20DF-463C-99BE-8A4FF5B27B0B}.Demo_Windows|Mixed Platforms.ActiveCfg = Debug|x86
		{B93DAE1F-20DF-463C-99BE-8A4FF5B27B0B}.Demo_Windows|Mixed Platforms.Build.0 = Debug|x86
		{B93DAE1F-20DF-463C-99BE-8A4FF5B27B0B}.Demo_Windows|Windows Phone.ActiveCfg = Debug|x86
		{B93DAE1F-20DF-463C-99BE-8A4FF5B27B0B}.Demo_Windows|x86.ActiveCfg = Debug|x86
		{B93DAE1F-20DF-463C-99BE-8A4FF5B27B0B}.Demo_Windows|x86.Build.0 = Debug|x86
		{B93DAE1F-20DF-463C-99BE-8A4FF5B27B0B}.iPhoneDebug|Any CPU.ActiveCfg = Debug|x86
		{B93DAE1F-20DF-463C-99BE-8A4FF5B27B0B}.iPhoneDebug|Mixed Platforms.ActiveCfg = Debug|x86
		{B93DAE1F-20DF-463C-99BE-8A4FF5B27B0B}.iPhoneDebug|Mixed Platforms.Build.0 = Debug|x86
		{B93DAE1F-20DF-463C-99BE-8A4FF5B27B0B}.iPhoneDebug|Windows Phone.ActiveCfg = Debug|x86
		{B93DAE1F-20DF-463C-99BE-8A4FF5B27B0B}.iPhoneDebug|x86.ActiveCfg = Debug|x86
		{B93DAE1F-20DF-463C-99BE-8A4FF5B27B0B}.iPhoneDebug|x86.Build.0 = Debug|x86
		{B93DAE1F-20DF-463C-99BE-8A4FF5B27B0B}.iPhoneRelease|Any CPU.ActiveCfg = Release|x86
		{B93DAE1F-20DF-463C-99BE-8A4FF5B27B0B}.iPhoneRelease|Mixed Platforms.ActiveCfg = Release|x86
		{B93DAE1F-20DF-463C-99BE-8A4FF5B27B0B}.iPhoneRelease|Mixed Platforms.Build.0 = Release|x86
		{B93DAE1F-20DF-463C-99BE-8A4FF5B27B0B}.iPhoneRelease|Windows Phone.ActiveCfg = Release|x86
		{B93DAE1F-20DF-463C-99BE-8A4FF5B27B0B}.iPhoneRelease|x86.ActiveCfg = Release|x86
		{B93DAE1F-20DF-463C-99BE-8A4FF5B27B0B}.iPhoneRelease|x86.Build.0 = Release|x86
		{B93DAE1F-20DF-463C-99BE-8A4FF5B27B0B}.Release|Any CPU.ActiveCfg = Release|x86
		{B93DAE1F-20DF-463C-99BE-8A4FF5B27B0B}.Release|Mixed Platforms.ActiveCfg = Release|x86
		{B93DAE1F-20DF-463C-99BE-8A4FF5B27B0B}.Release|Mixed Platforms.Build.0 = Release|x86
		{B93DAE1F-20DF-463C-99BE-8A4FF5B27B0B}.Release|Windows Phone.ActiveCfg = Release|x86
		{B93DAE1F-20DF-463C-99BE-8A4FF5B27B0B}.Release|x86.ActiveCfg = Release|x86
		{B93DAE1F-20DF-463C-99BE-8A4FF5B27B0B}.Release|x86.Build.0 = Release|x86
		{BEC8D75B-1BC7-4899-B8C5-58E4B6A64AB1}.Base Libraries|Any CPU.ActiveCfg = iPhoneRelease|x86
		{BEC8D75B-1BC7-4899-B8C5-58E4B6A64AB1}.Base Libraries|Any CPU.Build.0 = iPhoneRelease|x86
		{BEC8D75B-1BC7-4899-B8C5-58E4B6A64AB1}.Base Libraries|Mixed Platforms.ActiveCfg = iPhoneRelease|x86
		{BEC8D75B-1BC7-4899-B8C5-58E4B6A64AB1}.Base Libraries|Mixed Platforms.Build.0 = iPhoneRelease|x86
		{BEC8D75B-1BC7-4899-B8C5-58E4B6A64AB1}.Base Libraries|Windows Phone.ActiveCfg = iPhoneRelease|x86
		{BEC8D75B-1BC7-4899-B8C5-58E4B6A64AB1}.Base Libraries|Windows Phone.Build.0 = iPhoneRelease|x86
		{BEC8D75B-1BC7-4899-B8C5-58E4B6A64AB1}.Base Libraries|x86.ActiveCfg = iPhoneRelease|x86
		{BEC8D75B-1BC7-4899-B8C5-58E4B6A64AB1}.Base Libraries|x86.Build.0 = iPhoneRelease|x86
		{BEC8D75B-1BC7-4899-B8C5-58E4B6A64AB1}.Debug|Any CPU.ActiveCfg = Debug|x86
		{BEC8D75B-1BC7-4899-B8C5-58E4B6A64AB1}.Debug|Any CPU.Build.0 = Debug|x86
		{BEC8D75B-1BC7-4899-B8C5-58E4B6A64AB1}.Debug|Mixed Platforms.ActiveCfg = Debug|x86
		{BEC8D75B-1BC7-4899-B8C5-58E4B6A64AB1}.Debug|Mixed Platforms.Build.0 = Debug|x86
		{BEC8D75B-1BC7-4899-B8C5-58E4B6A64AB1}.Debug|Windows Phone.ActiveCfg = Debug|x86
		{BEC8D75B-1BC7-4899-B8C5-58E4B6A64AB1}.Debug|Windows Phone.Build.0 = Debug|x86
		{BEC8D75B-1BC7-4899-B8C5-58E4B6A64AB1}.Debug|x86.ActiveCfg = Debug|x86
		{BEC8D75B-1BC7-4899-B8C5-58E4B6A64AB1}.Debug|x86.Build.0 = Debug|x86
		{BEC8D75B-1BC7-4899-B8C5-58E4B6A64AB1}.Demo_Windows|Any CPU.ActiveCfg = Debug|x86
		{BEC8D75B-1BC7-4899-B8C5-58E4B6A64AB1}.Demo_Windows|Any CPU.Build.0 = Debug|x86
		{BEC8D75B-1BC7-4899-B8C5-58E4B6A64AB1}.Demo_Windows|Mixed Platforms.ActiveCfg = Debug|x86
		{BEC8D75B-1BC7-4899-B8C5-58E4B6A64AB1}.Demo_Windows|Mixed Platforms.Build.0 = Debug|x86
		{BEC8D75B-1BC7-4899-B8C5-58E4B6A64AB1}.Demo_Windows|Windows Phone.ActiveCfg = Debug|x86
		{BEC8D75B-1BC7-4899-B8C5-58E4B6A64AB1}.Demo_Windows|Windows Phone.Build.0 = Debug|x86
		{BEC8D75B-1BC7-4899-B8C5-58E4B6A64AB1}.Demo_Windows|x86.ActiveCfg = Debug|x86
		{BEC8D75B-1BC7-4899-B8C5-58E4B6A64AB1}.Demo_Windows|x86.Build.0 = Debug|x86
		{BEC8D75B-1BC7-4899-B8C5-58E4B6A64AB1}.iPhoneDebug|Any CPU.ActiveCfg = iPhoneDebug|x86
		{BEC8D75B-1BC7-4899-B8C5-58E4B6A64AB1}.iPhoneDebug|Any CPU.Build.0 = iPhoneDebug|x86
		{BEC8D75B-1BC7-4899-B8C5-58E4B6A64AB1}.iPhoneDebug|Mixed Platforms.ActiveCfg = iPhoneDebug|x86
		{BEC8D75B-1BC7-4899-B8C5-58E4B6A64AB1}.iPhoneDebug|Mixed Platforms.Build.0 = iPhoneDebug|x86
		{BEC8D75B-1BC7-4899-B8C5-58E4B6A64AB1}.iPhoneDebug|Windows Phone.ActiveCfg = iPhoneDebug|x86
		{BEC8D75B-1BC7-4899-B8C5-58E4B6A64AB1}.iPhoneDebug|Windows Phone.Build.0 = iPhoneDebug|x86
		{BEC8D75B-1BC7-4899-B8C5-58E4B6A64AB1}.iPhoneDebug|x86.ActiveCfg = iPhoneDebug|x86
		{BEC8D75B-1BC7-4899-B8C5-58E4B6A64AB1}.iPhoneDebug|x86.Build.0 = iPhoneDebug|x86
		{BEC8D75B-1BC7-4899-B8C5-58E4B6A64AB1}.iPhoneRelease|Any CPU.ActiveCfg = iPhoneRelease|x86
		{BEC8D75B-1BC7-4899-B8C5-58E4B6A64AB1}.iPhoneRelease|Any CPU.Build.0 = iPhoneRelease|x86
		{BEC8D75B-1BC7-4899-B8C5-58E4B6A64AB1}.iPhoneRelease|Mixed Platforms.ActiveCfg = iPhoneRelease|x86
		{BEC8D75B-1BC7-4899-B8C5-58E4B6A64AB1}.iPhoneRelease|Mixed Platforms.Build.0 = iPhoneRelease|x86
		{BEC8D75B-1BC7-4899-B8C5-58E4B6A64AB1}.iPhoneRelease|Windows Phone.ActiveCfg = iPhoneRelease|x86
		{BEC8D75B-1BC7-4899-B8C5-58E4B6A64AB1}.iPhoneRelease|Windows Phone.Build.0 = iPhoneRelease|x86
		{BEC8D75B-1BC7-4899-B8C5-58E4B6A64AB1}.iPhoneRelease|x86.ActiveCfg = iPhoneRelease|x86
		{BEC8D75B-1BC7-4899-B8C5-58E4B6A64AB1}.iPhoneRelease|x86.Build.0 = iPhoneRelease|x86
		{BEC8D75B-1BC7-4899-B8C5-58E4B6A64AB1}.Release|Any CPU.ActiveCfg = iPhoneRelease|x86
		{BEC8D75B-1BC7-4899-B8C5-58E4B6A64AB1}.Release|Any CPU.Build.0 = iPhoneRelease|x86
		{BEC8D75B-1BC7-4899-B8C5-58E4B6A64AB1}.Release|Mixed Platforms.ActiveCfg = iPhoneRelease|x86
		{BEC8D75B-1BC7-4899-B8C5-58E4B6A64AB1}.Release|Mixed Platforms.Build.0 = iPhoneRelease|x86
		{BEC8D75B-1BC7-4899-B8C5-58E4B6A64AB1}.Release|Windows Phone.ActiveCfg = iPhoneRelease|x86
		{BEC8D75B-1BC7-4899-B8C5-58E4B6A64AB1}.Release|Windows Phone.Build.0 = iPhoneRelease|x86
		{BEC8D75B-1BC7-4899-B8C5-58E4B6A64AB1}.Release|x86.ActiveCfg = iPhoneRelease|x86
		{BEC8D75B-1BC7-4899-B8C5-58E4B6A64AB1}.Release|x86.Build.0 = iPhoneRelease|x86
		{4FD1BB74-FA33-4D04-A876-74F4DD850A89}.Base Libraries|Any CPU.ActiveCfg = iPhoneRelease|x86
		{4FD1BB74-FA33-4D04-A876-74F4DD850A89}.Base Libraries|Mixed Platforms.ActiveCfg = iPhoneRelease|x86
		{4FD1BB74-FA33-4D04-A876-74F4DD850A89}.Base Libraries|Mixed Platforms.Build.0 = iPhoneRelease|x86
		{4FD1BB74-FA33-4D04-A876-74F4DD850A89}.Base Libraries|Windows Phone.ActiveCfg = iPhoneRelease|x86
		{4FD1BB74-FA33-4D04-A876-74F4DD850A89}.Base Libraries|x86.ActiveCfg = iPhoneRelease|x86
		{4FD1BB74-FA33-4D04-A876-74F4DD850A89}.Base Libraries|x86.Build.0 = iPhoneRelease|x86
		{4FD1BB74-FA33-4D04-A876-74F4DD850A89}.Debug|Any CPU.ActiveCfg = Debug|x86
		{4FD1BB74-FA33-4D04-A876-74F4DD850A89}.Debug|Mixed Platforms.ActiveCfg = Debug|x86
		{4FD1BB74-FA33-4D04-A876-74F4DD850A89}.Debug|Mixed Platforms.Build.0 = Debug|x86
		{4FD1BB74-FA33-4D04-A876-74F4DD850A89}.Debug|Windows Phone.ActiveCfg = Debug|x86
		{4FD1BB74-FA33-4D04-A876-74F4DD850A89}.Debug|x86.ActiveCfg = Debug|x86
		{4FD1BB74-FA33-4D04-A876-74F4DD850A89}.Debug|x86.Build.0 = Debug|x86
		{4FD1BB74-FA33-4D04-A876-74F4DD850A89}.Demo_Windows|Any CPU.ActiveCfg = Debug|x86
		{4FD1BB74-FA33-4D04-A876-74F4DD850A89}.Demo_Windows|Mixed Platforms.ActiveCfg = Debug|x86
		{4FD1BB74-FA33-4D04-A876-74F4DD850A89}.Demo_Windows|Mixed Platforms.Build.0 = Debug|x86
		{4FD1BB74-FA33-4D04-A876-74F4DD850A89}.Demo_Windows|Windows Phone.ActiveCfg = Debug|x86
		{4FD1BB74-FA33-4D04-A876-74F4DD850A89}.Demo_Windows|x86.ActiveCfg = Debug|x86
		{4FD1BB74-FA33-4D04-A876-74F4DD850A89}.Demo_Windows|x86.Build.0 = Debug|x86
		{4FD1BB74-FA33-4D04-A876-74F4DD850A89}.iPhoneDebug|Any CPU.ActiveCfg = iPhoneDebug|x86
		{4FD1BB74-FA33-4D04-A876-74F4DD850A89}.iPhoneDebug|Mixed Platforms.ActiveCfg = iPhoneDebug|x86
		{4FD1BB74-FA33-4D04-A876-74F4DD850A89}.iPhoneDebug|Mixed Platforms.Build.0 = iPhoneDebug|x86
		{4FD1BB74-FA33-4D04-A876-74F4DD850A89}.iPhoneDebug|Windows Phone.ActiveCfg = iPhoneDebug|x86
		{4FD1BB74-FA33-4D04-A876-74F4DD850A89}.iPhoneDebug|x86.ActiveCfg = iPhoneDebug|x86
		{4FD1BB74-FA33-4D04-A876-74F4DD850A89}.iPhoneDebug|x86.Build.0 = iPhoneDebug|x86
		{4FD1BB74-FA33-4D04-A876-74F4DD850A89}.iPhoneRelease|Any CPU.ActiveCfg = iPhoneRelease|x86
		{4FD1BB74-FA33-4D04-A876-74F4DD850A89}.iPhoneRelease|Mixed Platforms.ActiveCfg = iPhoneRelease|x86
		{4FD1BB74-FA33-4D04-A876-74F4DD850A89}.iPhoneRelease|Mixed Platforms.Build.0 = iPhoneRelease|x86
		{4FD1BB74-FA33-4D04-A876-74F4DD850A89}.iPhoneRelease|Windows Phone.ActiveCfg = iPhoneRelease|x86
		{4FD1BB74-FA33-4D04-A876-74F4DD850A89}.iPhoneRelease|x86.ActiveCfg = iPhoneRelease|x86
		{4FD1BB74-FA33-4D04-A876-74F4DD850A89}.iPhoneRelease|x86.Build.0 = iPhoneRelease|x86
		{4FD1BB74-FA33-4D04-A876-74F4DD850A89}.Release|Any CPU.ActiveCfg = Release|x86
		{4FD1BB74-FA33-4D04-A876-74F4DD850A89}.Release|Mixed Platforms.ActiveCfg = Release|x86
		{4FD1BB74-FA33-4D04-A876-74F4DD850A89}.Release|Mixed Platforms.Build.0 = Release|x86
		{4FD1BB74-FA33-4D04-A876-74F4DD850A89}.Release|Windows Phone.ActiveCfg = Release|x86
		{4FD1BB74-FA33-4D04-A876-74F4DD850A89}.Release|x86.ActiveCfg = Release|x86
		{4FD1BB74-FA33-4D04-A876-74F4DD850A89}.Release|x86.Build.0 = Release|x86
		{80B700CA-E4A7-49A1-A8EE-55FBDE61A8C3}.Base Libraries|Any CPU.ActiveCfg = Release|Windows Phone
		{80B700CA-E4A7-49A1-A8EE-55FBDE61A8C3}.Base Libraries|Mixed Platforms.ActiveCfg = Release|Windows Phone
		{80B700CA-E4A7-49A1-A8EE-55FBDE61A8C3}.Base Libraries|Windows Phone.ActiveCfg = Release|Windows Phone
		{80B700CA-E4A7-49A1-A8EE-55FBDE61A8C3}.Base Libraries|x86.ActiveCfg = Release|Windows Phone
		{80B700CA-E4A7-49A1-A8EE-55FBDE61A8C3}.Debug|Any CPU.ActiveCfg = Debug|Windows Phone
		{80B700CA-E4A7-49A1-A8EE-55FBDE61A8C3}.Debug|Mixed Platforms.ActiveCfg = Debug|Windows Phone
		{80B700CA-E4A7-49A1-A8EE-55FBDE61A8C3}.Debug|Windows Phone.ActiveCfg = Debug|Windows Phone
		{80B700CA-E4A7-49A1-A8EE-55FBDE61A8C3}.Debug|x86.ActiveCfg = Debug|Windows Phone
		{80B700CA-E4A7-49A1-A8EE-55FBDE61A8C3}.Demo_Windows|Any CPU.ActiveCfg = Debug|Windows Phone
		{80B700CA-E4A7-49A1-A8EE-55FBDE61A8C3}.Demo_Windows|Mixed Platforms.ActiveCfg = Debug|Windows Phone
		{80B700CA-E4A7-49A1-A8EE-55FBDE61A8C3}.Demo_Windows|Windows Phone.ActiveCfg = Debug|Windows Phone
		{80B700CA-E4A7-49A1-A8EE-55FBDE61A8C3}.Demo_Windows|x86.ActiveCfg = Debug|Windows Phone
		{80B700CA-E4A7-49A1-A8EE-55FBDE61A8C3}.iPhoneDebug|Any CPU.ActiveCfg = Debug|Windows Phone
		{80B700CA-E4A7-49A1-A8EE-55FBDE61A8C3}.iPhoneDebug|Mixed Platforms.ActiveCfg = Debug|Windows Phone
		{80B700CA-E4A7-49A1-A8EE-55FBDE61A8C3}.iPhoneDebug|Windows Phone.ActiveCfg = Debug|Windows Phone
		{80B700CA-E4A7-49A1-A8EE-55FBDE61A8C3}.iPhoneDebug|x86.ActiveCfg = Debug|Windows Phone
		{80B700CA-E4A7-49A1-A8EE-55FBDE61A8C3}.iPhoneRelease|Any CPU.ActiveCfg = Release|Windows Phone
		{80B700CA-E4A7-49A1-A8EE-55FBDE61A8C3}.iPhoneRelease|Mixed Platforms.ActiveCfg = Release|Windows Phone
		{80B700CA-E4A7-49A1-A8EE-55FBDE61A8C3}.iPhoneRelease|Windows Phone.ActiveCfg = Release|Windows Phone
		{80B700CA-E4A7-49A1-A8EE-55FBDE61A8C3}.iPhoneRelease|x86.ActiveCfg = Release|Windows Phone
		{80B700CA-E4A7-49A1-A8EE-55FBDE61A8C3}.Release|Any CPU.ActiveCfg = Release|Windows Phone
		{80B700CA-E4A7-49A1-A8EE-55FBDE61A8C3}.Release|Mixed Platforms.ActiveCfg = Release|Windows Phone
		{80B700CA-E4A7-49A1-A8EE-55FBDE61A8C3}.Release|Windows Phone.ActiveCfg = Release|Windows Phone
		{80B700CA-E4A7-49A1-A8EE-55FBDE61A8C3}.Release|x86.ActiveCfg = Release|Windows Phone
	EndGlobalSection
	GlobalSection(SolutionProperties) = preSolution
		HideSolutionNode = FALSE
	EndGlobalSection
EndGlobal
